
Microsoft Visual Studio Solution File, Format Version 12.00
# Visual Studio Version 16
VisualStudioVersion = 16.0.30804.86
MinimumVisualStudioVersion = 10.0.40219.1
Project("{FAE04EC0-301F-11D3-BF4B-00C04F79EFBC}") = "HPGrid", "HPGrid.csproj", "{64566B72-F420-4F00-BE03-C416D60D3F61}"
EndProject
Global
	GlobalSection(SolutionConfigurationPlatforms) = preSolution
		Debug|x64 = Debug|x64
		Release|x64 = Release|x64
	EndGlobalSection
	GlobalSection(ProjectConfigurationPlatforms) = postSolution
		{64566B72-F420-4F00-BE03-C416D60D3F61}.Debug|x64.ActiveCfg = Debug|x64
		{64566B72-F420-4F00-BE03-C416D60D3F61}.Debug|x64.Build.0 = Debug|x64
		{64566B72-F420-4F00-BE03-C416D60D3F61}.Release|x64.ActiveCfg = Release|x64
		{64566B72-F420-4F00-BE03-C416D60D3F61}.Release|x64.Build.0 = Release|x64
	EndGlobalSection
	GlobalSection(SolutionProperties) = preSolution
		HideSolutionNode = FALSE
	EndGlobalSection
	GlobalSection(ExtensibilityGlobals) = postSolution
		SolutionGuid = {CB959A17-88F2-4450-8A23-EA1E2FC46CC5}
	EndGlobalSection
EndGlobal
